
Microsoft Visual Studio Solution File, Format Version 12.00
# Visual Studio Version 17
VisualStudioVersion = 17.3.32922.545
MinimumVisualStudioVersion = 10.0.40219.1
Project("{FAE04EC0-301F-11D3-BF4B-00C04F79EFBC}") = "KullanıcıSifreSorgulama", "KullanıcıSifreSorgulama\KullanıcıSifreSorgulama.csproj", "{CF912BB5-C2D7-4AC6-9071-8542427CF38B}"
EndProject
Global
	GlobalSection(SolutionConfigurationPlatforms) = preSolution
		Debug|Any CPU = Debug|Any CPU
		Release|Any CPU = Release|Any CPU
	EndGlobalSection
	GlobalSection(ProjectConfigurationPlatforms) = postSolution
		{CF912BB5-C2D7-4AC6-9071-8542427CF38B}.Debug|Any CPU.ActiveCfg = Debug|Any CPU
		{CF912BB5-C2D7-4AC6-9071-8542427CF38B}.Debug|Any CPU.Build.0 = Debug|Any CPU
		{CF912BB5-C2D7-4AC6-9071-8542427CF38B}.Release|Any CPU.ActiveCfg = Release|Any CPU
		{CF912BB5-C2D7-4AC6-9071-8542427CF38B}.Release|Any CPU.Build.0 = Release|Any CPU
	EndGlobalSection
	GlobalSection(SolutionProperties) = preSolution
		HideSolutionNode = FALSE
	EndGlobalSection
	GlobalSection(ExtensibilityGlobals) = postSolution
		SolutionGuid = {B8FF3793-7241-476A-A88C-9288B6DB8E8D}
	EndGlobalSection
EndGlobal
